{"filter":false,"title":"Gemfile.lock","tooltip":"/rspec_test/Gemfile.lock","undoManager":{"mark":0,"position":0,"stack":[[{"start":{"row":126,"column":10},"end":{"row":134,"column":10},"action":"insert","lines":["rails (3.3.3)","      actionpack (>= 3.0, < 4.3)","      activesupport (>= 3.0, < 4.3)","      railties (>= 3.0, < 4.3)","      rspec-core (~> 3.3.0)","      rspec-expectations (~> 3.3.0)","      rspec-mocks (~> 3.3.0)","      rspec-support (~> 3.3.0)","    rspec-"],"id":2},{"start":{"row":183,"column":7},"end":{"row":184,"column":13},"action":"insert","lines":["","  rspec-rails"]}]]},"ace":{"folds":[],"scrolltop":0,"scrollleft":0,"selection":{"start":{"row":0,"column":0},"end":{"row":0,"column":0},"isBackwards":true},"options":{"guessTabSize":true,"useWrapMode":false,"wrapToView":true},"firstLineState":0},"timestamp":1446458975356,"hash":"cf04149054c24e8508804d75f5c50ce67f822abc"}